
Microsoft Visual Studio Solution File, Format Version 12.00
# Visual Studio 2013
VisualStudioVersion = 12.0.30723.0
MinimumVisualStudioVersion = 10.0.40219.1
Project("{FAE04EC0-301F-11D3-BF4B-00C04F79EFBC}") = "RockBands.Models", "RockBands.Models\RockBands.Models.csproj", "{FADF98F6-75FC-4154-9D28-EDC98CCBB31E}"
EndProject
Project("{FAE04EC0-301F-11D3-BF4B-00C04F79EFBC}") = "RockBands.ConsoleClient", "RockBands.ConsoleClient\RockBands.ConsoleClient.csproj", "{18719A46-8099-4CE8-A187-69BEDCE3B32F}"
EndProject
Project("{FAE04EC0-301F-11D3-BF4B-00C04F79EFBC}") = "RockBands.Data", "RockBands.Data\RockBands.Data.csproj", "{B71ECAD2-9DF0-45C5-ADE6-807F28D609A1}"
EndProject
Project("{FAE04EC0-301F-11D3-BF4B-00C04F79EFBC}") = "RockBands.Common", "RockBands.Common\RockBands.Common.csproj", "{D698AB3F-F9C6-47C5-BBF6-153CCACF6E1F}"
EndProject
Project("{FAE04EC0-301F-11D3-BF4B-00C04F79EFBC}") = "RockBands.Services", "RockBands.Services\RockBands.Services.csproj", "{93C70E81-E236-4C0C-B33C-62C7D257FC71}"
	ProjectSection(ProjectDependencies) = postProject
		{18719A46-8099-4CE8-A187-69BEDCE3B32F} = {18719A46-8099-4CE8-A187-69BEDCE3B32F}
	EndProjectSection
EndProject
Project("{FAE04EC0-301F-11D3-BF4B-00C04F79EFBC}") = "RockBands.WebClient", "RockBands.WebClient\RockBands.WebClient.csproj", "{016928B7-B308-4719-979B-993B8B6C16E2}"
	ProjectSection(ProjectDependencies) = postProject
		{18719A46-8099-4CE8-A187-69BEDCE3B32F} = {18719A46-8099-4CE8-A187-69BEDCE3B32F}
		{93C70E81-E236-4C0C-B33C-62C7D257FC71} = {93C70E81-E236-4C0C-B33C-62C7D257FC71}
	EndProjectSection
EndProject
Global
	GlobalSection(SolutionConfigurationPlatforms) = preSolution
		Debug|Any CPU = Debug|Any CPU
		Release|Any CPU = Release|Any CPU
	EndGlobalSection
	GlobalSection(ProjectConfigurationPlatforms) = postSolution
		{FADF98F6-75FC-4154-9D28-EDC98CCBB31E}.Debug|Any CPU.ActiveCfg = Debug|Any CPU
		{FADF98F6-75FC-4154-9D28-EDC98CCBB31E}.Debug|Any CPU.Build.0 = Debug|Any CPU
		{FADF98F6-75FC-4154-9D28-EDC98CCBB31E}.Release|Any CPU.ActiveCfg = Release|Any CPU
		{FADF98F6-75FC-4154-9D28-EDC98CCBB31E}.Release|Any CPU.Build.0 = Release|Any CPU
		{18719A46-8099-4CE8-A187-69BEDCE3B32F}.Debug|Any CPU.ActiveCfg = Debug|Any CPU
		{18719A46-8099-4CE8-A187-69BEDCE3B32F}.Debug|Any CPU.Build.0 = Debug|Any CPU
		{18719A46-8099-4CE8-A187-69BEDCE3B32F}.Release|Any CPU.ActiveCfg = Release|Any CPU
		{18719A46-8099-4CE8-A187-69BEDCE3B32F}.Release|Any CPU.Build.0 = Release|Any CPU
		{B71ECAD2-9DF0-45C5-ADE6-807F28D609A1}.Debug|Any CPU.ActiveCfg = Debug|Any CPU
		{B71ECAD2-9DF0-45C5-ADE6-807F28D609A1}.Debug|Any CPU.Build.0 = Debug|Any CPU
		{B71ECAD2-9DF0-45C5-ADE6-807F28D609A1}.Release|Any CPU.ActiveCfg = Release|Any CPU
		{B71ECAD2-9DF0-45C5-ADE6-807F28D609A1}.Release|Any CPU.Build.0 = Release|Any CPU
		{D698AB3F-F9C6-47C5-BBF6-153CCACF6E1F}.Debug|Any CPU.ActiveCfg = Debug|Any CPU
		{D698AB3F-F9C6-47C5-BBF6-153CCACF6E1F}.Debug|Any CPU.Build.0 = Debug|Any CPU
		{D698AB3F-F9C6-47C5-BBF6-153CCACF6E1F}.Release|Any CPU.ActiveCfg = Release|Any CPU
		{D698AB3F-F9C6-47C5-BBF6-153CCACF6E1F}.Release|Any CPU.Build.0 = Release|Any CPU
		{93C70E81-E236-4C0C-B33C-62C7D257FC71}.Debug|Any CPU.ActiveCfg = Debug|Any CPU
		{93C70E81-E236-4C0C-B33C-62C7D257FC71}.Debug|Any CPU.Build.0 = Debug|Any CPU
		{93C70E81-E236-4C0C-B33C-62C7D257FC71}.Release|Any CPU.ActiveCfg = Release|Any CPU
		{93C70E81-E236-4C0C-B33C-62C7D257FC71}.Release|Any CPU.Build.0 = Release|Any CPU
		{016928B7-B308-4719-979B-993B8B6C16E2}.Debug|Any CPU.ActiveCfg = Debug|Any CPU
		{016928B7-B308-4719-979B-993B8B6C16E2}.Debug|Any CPU.Build.0 = Debug|Any CPU
		{016928B7-B308-4719-979B-993B8B6C16E2}.Release|Any CPU.ActiveCfg = Release|Any CPU
		{016928B7-B308-4719-979B-993B8B6C16E2}.Release|Any CPU.Build.0 = Release|Any CPU
	EndGlobalSection
	GlobalSection(SolutionProperties) = preSolution
		HideSolutionNode = FALSE
	EndGlobalSection
EndGlobal
