
Microsoft Visual Studio Solution File, Format Version 12.00
# Visual Studio 2013
VisualStudioVersion = 12.0.30723.0
MinimumVisualStudioVersion = 10.0.40219.1
Project("{FAE04EC0-301F-11D3-BF4B-00C04F79EFBC}") = "02. Directory Traversal", "02. Directory Traversal\02. Directory Traversal.csproj", "{70BBB834-CD58-4542-8CD7-9C3D150F608A}"
EndProject
Project("{FAE04EC0-301F-11D3-BF4B-00C04F79EFBC}") = "01. Tree", "01. Tree\01. Tree.csproj", "{032C372E-4750-41B4-8054-B3390FDDE6B7}"
EndProject
Project("{FAE04EC0-301F-11D3-BF4B-00C04F79EFBC}") = "03. File System", "03. File System\03. File System.csproj", "{926AC953-45AD-49FE-9610-4007ACD924B4}"
EndProject
Global
	GlobalSection(SolutionConfigurationPlatforms) = preSolution
		Debug|Any CPU = Debug|Any CPU
		Release|Any CPU = Release|Any CPU
	EndGlobalSection
	GlobalSection(ProjectConfigurationPlatforms) = postSolution
		{70BBB834-CD58-4542-8CD7-9C3D150F608A}.Debug|Any CPU.ActiveCfg = Debug|Any CPU
		{70BBB834-CD58-4542-8CD7-9C3D150F608A}.Debug|Any CPU.Build.0 = Debug|Any CPU
		{70BBB834-CD58-4542-8CD7-9C3D150F608A}.Release|Any CPU.ActiveCfg = Release|Any CPU
		{70BBB834-CD58-4542-8CD7-9C3D150F608A}.Release|Any CPU.Build.0 = Release|Any CPU
		{032C372E-4750-41B4-8054-B3390FDDE6B7}.Debug|Any CPU.ActiveCfg = Debug|Any CPU
		{032C372E-4750-41B4-8054-B3390FDDE6B7}.Debug|Any CPU.Build.0 = Debug|Any CPU
		{032C372E-4750-41B4-8054-B3390FDDE6B7}.Release|Any CPU.ActiveCfg = Release|Any CPU
		{032C372E-4750-41B4-8054-B3390FDDE6B7}.Release|Any CPU.Build.0 = Release|Any CPU
		{926AC953-45AD-49FE-9610-4007ACD924B4}.Debug|Any CPU.ActiveCfg = Debug|Any CPU
		{926AC953-45AD-49FE-9610-4007ACD924B4}.Debug|Any CPU.Build.0 = Debug|Any CPU
		{926AC953-45AD-49FE-9610-4007ACD924B4}.Release|Any CPU.ActiveCfg = Release|Any CPU
		{926AC953-45AD-49FE-9610-4007ACD924B4}.Release|Any CPU.Build.0 = Release|Any CPU
	EndGlobalSection
	GlobalSection(SolutionProperties) = preSolution
		HideSolutionNode = FALSE
	EndGlobalSection
EndGlobal
