
Microsoft Visual Studio Solution File, Format Version 12.00
# Visual Studio 2013
VisualStudioVersion = 12.0.20827.3
MinimumVisualStudioVersion = 10.0.40219.1
Project("{FAE04EC0-301F-11D3-BF4B-00C04F79EFBC}") = "01. School", "01. School\01. School.csproj", "{EC21FBAA-D258-43A2-A93E-46F6EFB44220}"
EndProject
Project("{FAE04EC0-301F-11D3-BF4B-00C04F79EFBC}") = "02. Human", "02. Human\02. Human.csproj", "{F8EABD28-55A8-4DCF-9119-842BF7547C3C}"
EndProject
Project("{FAE04EC0-301F-11D3-BF4B-00C04F79EFBC}") = "03. Animal", "03. Animal\03. Animal.csproj", "{80E8F33A-7306-468F-BAD9-1043241CD9EA}"
EndProject
Global
	GlobalSection(SolutionConfigurationPlatforms) = preSolution
		Debug|Any CPU = Debug|Any CPU
		Release|Any CPU = Release|Any CPU
	EndGlobalSection
	GlobalSection(ProjectConfigurationPlatforms) = postSolution
		{EC21FBAA-D258-43A2-A93E-46F6EFB44220}.Debug|Any CPU.ActiveCfg = Debug|Any CPU
		{EC21FBAA-D258-43A2-A93E-46F6EFB44220}.Debug|Any CPU.Build.0 = Debug|Any CPU
		{EC21FBAA-D258-43A2-A93E-46F6EFB44220}.Release|Any CPU.ActiveCfg = Release|Any CPU
		{EC21FBAA-D258-43A2-A93E-46F6EFB44220}.Release|Any CPU.Build.0 = Release|Any CPU
		{F8EABD28-55A8-4DCF-9119-842BF7547C3C}.Debug|Any CPU.ActiveCfg = Debug|Any CPU
		{F8EABD28-55A8-4DCF-9119-842BF7547C3C}.Debug|Any CPU.Build.0 = Debug|Any CPU
		{F8EABD28-55A8-4DCF-9119-842BF7547C3C}.Release|Any CPU.ActiveCfg = Release|Any CPU
		{F8EABD28-55A8-4DCF-9119-842BF7547C3C}.Release|Any CPU.Build.0 = Release|Any CPU
		{80E8F33A-7306-468F-BAD9-1043241CD9EA}.Debug|Any CPU.ActiveCfg = Debug|Any CPU
		{80E8F33A-7306-468F-BAD9-1043241CD9EA}.Debug|Any CPU.Build.0 = Debug|Any CPU
		{80E8F33A-7306-468F-BAD9-1043241CD9EA}.Release|Any CPU.ActiveCfg = Release|Any CPU
		{80E8F33A-7306-468F-BAD9-1043241CD9EA}.Release|Any CPU.Build.0 = Release|Any CPU
	EndGlobalSection
	GlobalSection(SolutionProperties) = preSolution
		HideSolutionNode = FALSE
	EndGlobalSection
EndGlobal
