
Microsoft Visual Studio Solution File, Format Version 12.00
# Visual Studio 2013
VisualStudioVersion = 12.0.30501.0
MinimumVisualStudioVersion = 10.0.40219.1
Project("{FAE04EC0-301F-11D3-BF4B-00C04F79EFBC}") = "01. Student", "01. Student\01. Student.csproj", "{48EBBECB-3F76-4C5D-A716-4842D1AE943A}"
EndProject
Project("{FAE04EC0-301F-11D3-BF4B-00C04F79EFBC}") = "02. Utilities", "02. Utilities\02. Utilities.csproj", "{F37CA803-FE66-4B7C-8336-CA089D3548B3}"
EndProject
Global
	GlobalSection(SolutionConfigurationPlatforms) = preSolution
		Debug|Any CPU = Debug|Any CPU
		Release|Any CPU = Release|Any CPU
	EndGlobalSection
	GlobalSection(ProjectConfigurationPlatforms) = postSolution
		{48EBBECB-3F76-4C5D-A716-4842D1AE943A}.Debug|Any CPU.ActiveCfg = Debug|Any CPU
		{48EBBECB-3F76-4C5D-A716-4842D1AE943A}.Debug|Any CPU.Build.0 = Debug|Any CPU
		{48EBBECB-3F76-4C5D-A716-4842D1AE943A}.Release|Any CPU.ActiveCfg = Release|Any CPU
		{48EBBECB-3F76-4C5D-A716-4842D1AE943A}.Release|Any CPU.Build.0 = Release|Any CPU
		{F37CA803-FE66-4B7C-8336-CA089D3548B3}.Debug|Any CPU.ActiveCfg = Debug|Any CPU
		{F37CA803-FE66-4B7C-8336-CA089D3548B3}.Debug|Any CPU.Build.0 = Debug|Any CPU
		{F37CA803-FE66-4B7C-8336-CA089D3548B3}.Release|Any CPU.ActiveCfg = Release|Any CPU
		{F37CA803-FE66-4B7C-8336-CA089D3548B3}.Release|Any CPU.Build.0 = Release|Any CPU
	EndGlobalSection
	GlobalSection(SolutionProperties) = preSolution
		HideSolutionNode = FALSE
	EndGlobalSection
EndGlobal
