
Microsoft Visual Studio Solution File, Format Version 12.00
# Visual Studio 2012
Project("{FAE04EC0-301F-11D3-BF4B-00C04F79EFBC}") = "AcademyPopcorn", "AcademyPopcorn\AcademyPopcorn.csproj", "{D50F4786-9751-4526-8D31-BB09B73CCC59}"
EndProject
Global
	GlobalSection(SolutionConfigurationPlatforms) = preSolution
		Debug|Any CPU = Debug|Any CPU
		Release|Any CPU = Release|Any CPU
	EndGlobalSection
	GlobalSection(ProjectConfigurationPlatforms) = postSolution
		{D50F4786-9751-4526-8D31-BB09B73CCC59}.Debug|Any CPU.ActiveCfg = Debug|Any CPU
		{D50F4786-9751-4526-8D31-BB09B73CCC59}.Debug|Any CPU.Build.0 = Debug|Any CPU
		{D50F4786-9751-4526-8D31-BB09B73CCC59}.Release|Any CPU.ActiveCfg = Release|Any CPU
		{D50F4786-9751-4526-8D31-BB09B73CCC59}.Release|Any CPU.Build.0 = Release|Any CPU
	EndGlobalSection
	GlobalSection(SolutionProperties) = preSolution
		HideSolutionNode = FALSE
	EndGlobalSection
EndGlobal
