
Microsoft Visual Studio Solution File, Format Version 12.00
# Visual Studio 2013
VisualStudioVersion = 12.0.30723.0
MinimumVisualStudioVersion = 10.0.40219.1
Project("{FAE04EC0-301F-11D3-BF4B-00C04F79EFBC}") = "01. Calculator (ASP.NET Web Forms)", "01. Calculator (ASP.NET Web Forms)\01. Calculator (ASP.NET Web Forms).csproj", "{909577E2-5175-448E-815E-C0433C1ED76F}"
EndProject
Project("{FAE04EC0-301F-11D3-BF4B-00C04F79EFBC}") = "01. Calculator (ASP.NET MVC)", "01. Calculator (ASP.NET MVC)\01. Calculator (ASP.NET MVC).csproj", "{7A1417FA-21E5-4741-8132-B26E55298EA7}"
EndProject
Project("{FAE04EC0-301F-11D3-BF4B-00C04F79EFBC}") = "02. Text to Image - HttpHandler", "02. Text to Image - HttpHandler\02. Text to Image - HttpHandler.csproj", "{22B0D6C4-90DD-490D-8BAE-60B9BB5A4C49}"
EndProject
Global
	GlobalSection(SolutionConfigurationPlatforms) = preSolution
		Debug|Any CPU = Debug|Any CPU
		Release|Any CPU = Release|Any CPU
	EndGlobalSection
	GlobalSection(ProjectConfigurationPlatforms) = postSolution
		{909577E2-5175-448E-815E-C0433C1ED76F}.Debug|Any CPU.ActiveCfg = Debug|Any CPU
		{909577E2-5175-448E-815E-C0433C1ED76F}.Debug|Any CPU.Build.0 = Debug|Any CPU
		{909577E2-5175-448E-815E-C0433C1ED76F}.Release|Any CPU.ActiveCfg = Release|Any CPU
		{909577E2-5175-448E-815E-C0433C1ED76F}.Release|Any CPU.Build.0 = Release|Any CPU
		{7A1417FA-21E5-4741-8132-B26E55298EA7}.Debug|Any CPU.ActiveCfg = Debug|Any CPU
		{7A1417FA-21E5-4741-8132-B26E55298EA7}.Debug|Any CPU.Build.0 = Debug|Any CPU
		{7A1417FA-21E5-4741-8132-B26E55298EA7}.Release|Any CPU.ActiveCfg = Release|Any CPU
		{7A1417FA-21E5-4741-8132-B26E55298EA7}.Release|Any CPU.Build.0 = Release|Any CPU
		{22B0D6C4-90DD-490D-8BAE-60B9BB5A4C49}.Debug|Any CPU.ActiveCfg = Debug|Any CPU
		{22B0D6C4-90DD-490D-8BAE-60B9BB5A4C49}.Debug|Any CPU.Build.0 = Debug|Any CPU
		{22B0D6C4-90DD-490D-8BAE-60B9BB5A4C49}.Release|Any CPU.ActiveCfg = Release|Any CPU
		{22B0D6C4-90DD-490D-8BAE-60B9BB5A4C49}.Release|Any CPU.Build.0 = Release|Any CPU
	EndGlobalSection
	GlobalSection(SolutionProperties) = preSolution
		HideSolutionNode = FALSE
	EndGlobalSection
EndGlobal
