
Microsoft Visual Studio Solution File, Format Version 12.00
# Visual Studio 2012
Project("{FAE04EC0-301F-11D3-BF4B-00C04F79EFBC}") = "3. Print name", "3. Print name\3. Print name.csproj", "{7103E0EE-6A80-4C25-97F0-1F839CC9774F}"
EndProject
Project("{FAE04EC0-301F-11D3-BF4B-00C04F79EFBC}") = "2. My first program", "2. My first program\2. My first program.csproj", "{FB099AAE-52DD-4930-B151-B5D8C09F5733}"
EndProject
Project("{FAE04EC0-301F-11D3-BF4B-00C04F79EFBC}") = "4. Printing three numbers", "4. Printing three numbers\4. Printing three numbers.csproj", "{6A743F4D-7388-48DA-BE5D-65B846C2D8FF}"
EndProject
Project("{FAE04EC0-301F-11D3-BF4B-00C04F79EFBC}") = "6. Printing First and Last Name", "6. Printing First and Last Name\6. Printing First and Last Name.csproj", "{BE3CF0A7-0DAE-48BE-A618-68DA4BBA1B3B}"
EndProject
Project("{FAE04EC0-301F-11D3-BF4B-00C04F79EFBC}") = "7. Printing current Date and Time", "7. Printing current Date and Time\7. Printing current Date and Time.csproj", "{F33BD922-0DE8-4FAE-9E32-36C181B27534}"
EndProject
Project("{FAE04EC0-301F-11D3-BF4B-00C04F79EFBC}") = "8. Square of number", "8. Square of number\8. Square of number.csproj", "{252175A2-C55F-426B-AFDC-1873DDE16E1E}"
EndProject
Project("{FAE04EC0-301F-11D3-BF4B-00C04F79EFBC}") = "9. The first ten members of sequence", "9. The first ten members of sequence\9. The first ten members of sequence.csproj", "{79B92EEB-0C50-4F5E-8F85-48DA9501B6E0}"
EndProject
Project("{FAE04EC0-301F-11D3-BF4B-00C04F79EFBC}") = "12. Print your Age after Ten Years", "12. Print your Age after Ten Years\12. Print your Age after Ten Years.csproj", "{3495F77F-06B8-46EE-A286-AA1CF9D996C6}"
EndProject
Global
	GlobalSection(SolutionConfigurationPlatforms) = preSolution
		Debug|Any CPU = Debug|Any CPU
		Release|Any CPU = Release|Any CPU
	EndGlobalSection
	GlobalSection(ProjectConfigurationPlatforms) = postSolution
		{7103E0EE-6A80-4C25-97F0-1F839CC9774F}.Debug|Any CPU.ActiveCfg = Debug|Any CPU
		{7103E0EE-6A80-4C25-97F0-1F839CC9774F}.Debug|Any CPU.Build.0 = Debug|Any CPU
		{7103E0EE-6A80-4C25-97F0-1F839CC9774F}.Release|Any CPU.ActiveCfg = Release|Any CPU
		{7103E0EE-6A80-4C25-97F0-1F839CC9774F}.Release|Any CPU.Build.0 = Release|Any CPU
		{FB099AAE-52DD-4930-B151-B5D8C09F5733}.Debug|Any CPU.ActiveCfg = Debug|Any CPU
		{FB099AAE-52DD-4930-B151-B5D8C09F5733}.Debug|Any CPU.Build.0 = Debug|Any CPU
		{FB099AAE-52DD-4930-B151-B5D8C09F5733}.Release|Any CPU.ActiveCfg = Release|Any CPU
		{FB099AAE-52DD-4930-B151-B5D8C09F5733}.Release|Any CPU.Build.0 = Release|Any CPU
		{6A743F4D-7388-48DA-BE5D-65B846C2D8FF}.Debug|Any CPU.ActiveCfg = Debug|Any CPU
		{6A743F4D-7388-48DA-BE5D-65B846C2D8FF}.Debug|Any CPU.Build.0 = Debug|Any CPU
		{6A743F4D-7388-48DA-BE5D-65B846C2D8FF}.Release|Any CPU.ActiveCfg = Release|Any CPU
		{6A743F4D-7388-48DA-BE5D-65B846C2D8FF}.Release|Any CPU.Build.0 = Release|Any CPU
		{BE3CF0A7-0DAE-48BE-A618-68DA4BBA1B3B}.Debug|Any CPU.ActiveCfg = Debug|Any CPU
		{BE3CF0A7-0DAE-48BE-A618-68DA4BBA1B3B}.Debug|Any CPU.Build.0 = Debug|Any CPU
		{BE3CF0A7-0DAE-48BE-A618-68DA4BBA1B3B}.Release|Any CPU.ActiveCfg = Release|Any CPU
		{BE3CF0A7-0DAE-48BE-A618-68DA4BBA1B3B}.Release|Any CPU.Build.0 = Release|Any CPU
		{F33BD922-0DE8-4FAE-9E32-36C181B27534}.Debug|Any CPU.ActiveCfg = Debug|Any CPU
		{F33BD922-0DE8-4FAE-9E32-36C181B27534}.Debug|Any CPU.Build.0 = Debug|Any CPU
		{F33BD922-0DE8-4FAE-9E32-36C181B27534}.Release|Any CPU.ActiveCfg = Release|Any CPU
		{F33BD922-0DE8-4FAE-9E32-36C181B27534}.Release|Any CPU.Build.0 = Release|Any CPU
		{252175A2-C55F-426B-AFDC-1873DDE16E1E}.Debug|Any CPU.ActiveCfg = Debug|Any CPU
		{252175A2-C55F-426B-AFDC-1873DDE16E1E}.Debug|Any CPU.Build.0 = Debug|Any CPU
		{252175A2-C55F-426B-AFDC-1873DDE16E1E}.Release|Any CPU.ActiveCfg = Release|Any CPU
		{252175A2-C55F-426B-AFDC-1873DDE16E1E}.Release|Any CPU.Build.0 = Release|Any CPU
		{79B92EEB-0C50-4F5E-8F85-48DA9501B6E0}.Debug|Any CPU.ActiveCfg = Debug|Any CPU
		{79B92EEB-0C50-4F5E-8F85-48DA9501B6E0}.Debug|Any CPU.Build.0 = Debug|Any CPU
		{79B92EEB-0C50-4F5E-8F85-48DA9501B6E0}.Release|Any CPU.ActiveCfg = Release|Any CPU
		{79B92EEB-0C50-4F5E-8F85-48DA9501B6E0}.Release|Any CPU.Build.0 = Release|Any CPU
		{3495F77F-06B8-46EE-A286-AA1CF9D996C6}.Debug|Any CPU.ActiveCfg = Debug|Any CPU
		{3495F77F-06B8-46EE-A286-AA1CF9D996C6}.Debug|Any CPU.Build.0 = Debug|Any CPU
		{3495F77F-06B8-46EE-A286-AA1CF9D996C6}.Release|Any CPU.ActiveCfg = Release|Any CPU
		{3495F77F-06B8-46EE-A286-AA1CF9D996C6}.Release|Any CPU.Build.0 = Release|Any CPU
	EndGlobalSection
	GlobalSection(SolutionProperties) = preSolution
		HideSolutionNode = FALSE
	EndGlobalSection
EndGlobal
