
Microsoft Visual Studio Solution File, Format Version 12.00
# Visual Studio 2013
VisualStudioVersion = 12.0.30501.0
MinimumVisualStudioVersion = 10.0.40219.1
Project("{FAE04EC0-301F-11D3-BF4B-00C04F79EFBC}") = "Cars", "Cars\Cars.csproj", "{5160D11A-2F7F-4104-92A4-CF786CB287B9}"
EndProject
Project("{FAE04EC0-301F-11D3-BF4B-00C04F79EFBC}") = "Cars.Tests.JustMock", "Cars.Tests.JustMock\Cars.Tests.JustMock.csproj", "{8B31F91E-51CC-4C9F-81CE-56FD35EF12CC}"
EndProject
Global
	GlobalSection(SolutionConfigurationPlatforms) = preSolution
		Debug|Any CPU = Debug|Any CPU
		Release|Any CPU = Release|Any CPU
	EndGlobalSection
	GlobalSection(ProjectConfigurationPlatforms) = postSolution
		{5160D11A-2F7F-4104-92A4-CF786CB287B9}.Debug|Any CPU.ActiveCfg = Debug|Any CPU
		{5160D11A-2F7F-4104-92A4-CF786CB287B9}.Debug|Any CPU.Build.0 = Debug|Any CPU
		{5160D11A-2F7F-4104-92A4-CF786CB287B9}.Release|Any CPU.ActiveCfg = Release|Any CPU
		{5160D11A-2F7F-4104-92A4-CF786CB287B9}.Release|Any CPU.Build.0 = Release|Any CPU
		{8B31F91E-51CC-4C9F-81CE-56FD35EF12CC}.Debug|Any CPU.ActiveCfg = Debug|Any CPU
		{8B31F91E-51CC-4C9F-81CE-56FD35EF12CC}.Debug|Any CPU.Build.0 = Debug|Any CPU
		{8B31F91E-51CC-4C9F-81CE-56FD35EF12CC}.Release|Any CPU.ActiveCfg = Release|Any CPU
		{8B31F91E-51CC-4C9F-81CE-56FD35EF12CC}.Release|Any CPU.Build.0 = Release|Any CPU
	EndGlobalSection
	GlobalSection(SolutionProperties) = preSolution
		HideSolutionNode = FALSE
	EndGlobalSection
EndGlobal
