
Microsoft Visual Studio Solution File, Format Version 12.00
# Visual Studio 2013
VisualStudioVersion = 12.0.30723.0
MinimumVisualStudioVersion = 10.0.40219.1
Project("{FAE04EC0-301F-11D3-BF4B-00C04F79EFBC}") = "01. Random number (HTML Controls)", "01. Random number (HTML Controls)\01. Random number (HTML Controls).csproj", "{2851541D-D2B1-4BD1-ACC3-EA930DA7F93C}"
EndProject
Project("{FAE04EC0-301F-11D3-BF4B-00C04F79EFBC}") = "02. Random number (Web Controls)", "02. Random number (Web Controls)\02. Random number (Web Controls).csproj", "{7C1C4E2C-276F-4F24-9235-AD403FC5FC1F}"
EndProject
Project("{FAE04EC0-301F-11D3-BF4B-00C04F79EFBC}") = "03. Escaping", "03. Escaping\03. Escaping.csproj", "{362C2836-932D-4290-AAEE-AD8480156058}"
EndProject
Project("{FAE04EC0-301F-11D3-BF4B-00C04F79EFBC}") = "04. Registration form", "04. Registration form\04. Registration form.csproj", "{FBE2D795-5BCD-456A-9A13-A6895C3DBB22}"
EndProject
Project("{FAE04EC0-301F-11D3-BF4B-00C04F79EFBC}") = "05. Calculator", "05. Calculator\05. Calculator.csproj", "{C508F315-EAE9-473A-83DE-D9B9A7CE8236}"
EndProject
Global
	GlobalSection(SolutionConfigurationPlatforms) = preSolution
		Debug|Any CPU = Debug|Any CPU
		Release|Any CPU = Release|Any CPU
	EndGlobalSection
	GlobalSection(ProjectConfigurationPlatforms) = postSolution
		{2851541D-D2B1-4BD1-ACC3-EA930DA7F93C}.Debug|Any CPU.ActiveCfg = Debug|Any CPU
		{2851541D-D2B1-4BD1-ACC3-EA930DA7F93C}.Debug|Any CPU.Build.0 = Debug|Any CPU
		{2851541D-D2B1-4BD1-ACC3-EA930DA7F93C}.Release|Any CPU.ActiveCfg = Release|Any CPU
		{2851541D-D2B1-4BD1-ACC3-EA930DA7F93C}.Release|Any CPU.Build.0 = Release|Any CPU
		{7C1C4E2C-276F-4F24-9235-AD403FC5FC1F}.Debug|Any CPU.ActiveCfg = Debug|Any CPU
		{7C1C4E2C-276F-4F24-9235-AD403FC5FC1F}.Debug|Any CPU.Build.0 = Debug|Any CPU
		{7C1C4E2C-276F-4F24-9235-AD403FC5FC1F}.Release|Any CPU.ActiveCfg = Release|Any CPU
		{7C1C4E2C-276F-4F24-9235-AD403FC5FC1F}.Release|Any CPU.Build.0 = Release|Any CPU
		{362C2836-932D-4290-AAEE-AD8480156058}.Debug|Any CPU.ActiveCfg = Debug|Any CPU
		{362C2836-932D-4290-AAEE-AD8480156058}.Debug|Any CPU.Build.0 = Debug|Any CPU
		{362C2836-932D-4290-AAEE-AD8480156058}.Release|Any CPU.ActiveCfg = Release|Any CPU
		{362C2836-932D-4290-AAEE-AD8480156058}.Release|Any CPU.Build.0 = Release|Any CPU
		{FBE2D795-5BCD-456A-9A13-A6895C3DBB22}.Debug|Any CPU.ActiveCfg = Debug|Any CPU
		{FBE2D795-5BCD-456A-9A13-A6895C3DBB22}.Debug|Any CPU.Build.0 = Debug|Any CPU
		{FBE2D795-5BCD-456A-9A13-A6895C3DBB22}.Release|Any CPU.ActiveCfg = Release|Any CPU
		{FBE2D795-5BCD-456A-9A13-A6895C3DBB22}.Release|Any CPU.Build.0 = Release|Any CPU
		{C508F315-EAE9-473A-83DE-D9B9A7CE8236}.Debug|Any CPU.ActiveCfg = Debug|Any CPU
		{C508F315-EAE9-473A-83DE-D9B9A7CE8236}.Debug|Any CPU.Build.0 = Debug|Any CPU
		{C508F315-EAE9-473A-83DE-D9B9A7CE8236}.Release|Any CPU.ActiveCfg = Release|Any CPU
		{C508F315-EAE9-473A-83DE-D9B9A7CE8236}.Release|Any CPU.Build.0 = Release|Any CPU
	EndGlobalSection
	GlobalSection(SolutionProperties) = preSolution
		HideSolutionNode = FALSE
	EndGlobalSection
EndGlobal
