
Microsoft Visual Studio Solution File, Format Version 12.00
# Visual Studio 2013
VisualStudioVersion = 12.0.30723.0
MinimumVisualStudioVersion = 10.0.40219.1
Project("{2150E333-8FDC-42A3-9474-1A3956D46DE8}") = "Web", "Web", "{E2F8B83D-F661-4D3E-BD8B-D4E0CCEEB441}"
EndProject
Project("{2150E333-8FDC-42A3-9474-1A3956D46DE8}") = "Data", "Data", "{3311320C-A614-4A89-85F1-D417A1118FCD}"
EndProject
Project("{FAE04EC0-301F-11D3-BF4B-00C04F79EFBC}") = "EasyPTC.Web", "EasyPTC.Web\EasyPTC.Web.csproj", "{429C0D97-8704-4FFE-B630-782BF6ADE5E1}"
EndProject
Project("{FAE04EC0-301F-11D3-BF4B-00C04F79EFBC}") = "EasyPTC.Web.Tests", "EasyPTC.Web.Tests\EasyPTC.Web.Tests.csproj", "{5827631F-1EAB-42A5-9B94-EF19CC79C970}"
EndProject
Project("{FAE04EC0-301F-11D3-BF4B-00C04F79EFBC}") = "EasyPTC.Models", "EasyPTC.Models\EasyPTC.Models.csproj", "{DAF1E863-9175-48CE-A83D-59C3F47E0EE8}"
EndProject
Project("{FAE04EC0-301F-11D3-BF4B-00C04F79EFBC}") = "EasyPTC.Data", "EasyPTC.Data\EasyPTC.Data.csproj", "{74374702-07ED-4C05-837C-8D4E69DD50C6}"
EndProject
Project("{FAE04EC0-301F-11D3-BF4B-00C04F79EFBC}") = "EasyPTC.Contracts", "EasyPTC.Contracts\EasyPTC.Contracts.csproj", "{CDEB068A-3DC6-49AD-BA3C-7383D1D62A9A}"
EndProject
Project("{2150E333-8FDC-42A3-9474-1A3956D46DE8}") = "Common", "Common", "{82E16B0A-1BDD-4BC5-B831-78264B2A9201}"
EndProject
Project("{FAE04EC0-301F-11D3-BF4B-00C04F79EFBC}") = "EasyPTC.Common", "EasyPTC.Common\EasyPTC.Common.csproj", "{D0479029-B157-443D-9377-10F6CA36B635}"
EndProject
Project("{2150E333-8FDC-42A3-9474-1A3956D46DE8}") = "Console", "Console", "{8D664033-8340-442B-BD7E-127529F0914D}"
EndProject
Project("{FAE04EC0-301F-11D3-BF4B-00C04F79EFBC}") = "EasyPTC.Console", "EasyPTC.Console\EasyPTC.Console.csproj", "{49935826-9849-4A72-A108-6B43D5F78EAF}"
EndProject
Global
	GlobalSection(SolutionConfigurationPlatforms) = preSolution
		Debug|Any CPU = Debug|Any CPU
		Release|Any CPU = Release|Any CPU
	EndGlobalSection
	GlobalSection(ProjectConfigurationPlatforms) = postSolution
		{429C0D97-8704-4FFE-B630-782BF6ADE5E1}.Debug|Any CPU.ActiveCfg = Debug|Any CPU
		{429C0D97-8704-4FFE-B630-782BF6ADE5E1}.Debug|Any CPU.Build.0 = Debug|Any CPU
		{429C0D97-8704-4FFE-B630-782BF6ADE5E1}.Release|Any CPU.ActiveCfg = Release|Any CPU
		{429C0D97-8704-4FFE-B630-782BF6ADE5E1}.Release|Any CPU.Build.0 = Release|Any CPU
		{5827631F-1EAB-42A5-9B94-EF19CC79C970}.Debug|Any CPU.ActiveCfg = Debug|Any CPU
		{5827631F-1EAB-42A5-9B94-EF19CC79C970}.Debug|Any CPU.Build.0 = Debug|Any CPU
		{5827631F-1EAB-42A5-9B94-EF19CC79C970}.Release|Any CPU.ActiveCfg = Release|Any CPU
		{5827631F-1EAB-42A5-9B94-EF19CC79C970}.Release|Any CPU.Build.0 = Release|Any CPU
		{DAF1E863-9175-48CE-A83D-59C3F47E0EE8}.Debug|Any CPU.ActiveCfg = Debug|Any CPU
		{DAF1E863-9175-48CE-A83D-59C3F47E0EE8}.Debug|Any CPU.Build.0 = Debug|Any CPU
		{DAF1E863-9175-48CE-A83D-59C3F47E0EE8}.Release|Any CPU.ActiveCfg = Release|Any CPU
		{DAF1E863-9175-48CE-A83D-59C3F47E0EE8}.Release|Any CPU.Build.0 = Release|Any CPU
		{74374702-07ED-4C05-837C-8D4E69DD50C6}.Debug|Any CPU.ActiveCfg = Debug|Any CPU
		{74374702-07ED-4C05-837C-8D4E69DD50C6}.Debug|Any CPU.Build.0 = Debug|Any CPU
		{74374702-07ED-4C05-837C-8D4E69DD50C6}.Release|Any CPU.ActiveCfg = Release|Any CPU
		{74374702-07ED-4C05-837C-8D4E69DD50C6}.Release|Any CPU.Build.0 = Release|Any CPU
		{CDEB068A-3DC6-49AD-BA3C-7383D1D62A9A}.Debug|Any CPU.ActiveCfg = Debug|Any CPU
		{CDEB068A-3DC6-49AD-BA3C-7383D1D62A9A}.Debug|Any CPU.Build.0 = Debug|Any CPU
		{CDEB068A-3DC6-49AD-BA3C-7383D1D62A9A}.Release|Any CPU.ActiveCfg = Release|Any CPU
		{CDEB068A-3DC6-49AD-BA3C-7383D1D62A9A}.Release|Any CPU.Build.0 = Release|Any CPU
		{D0479029-B157-443D-9377-10F6CA36B635}.Debug|Any CPU.ActiveCfg = Debug|Any CPU
		{D0479029-B157-443D-9377-10F6CA36B635}.Debug|Any CPU.Build.0 = Debug|Any CPU
		{D0479029-B157-443D-9377-10F6CA36B635}.Release|Any CPU.ActiveCfg = Release|Any CPU
		{D0479029-B157-443D-9377-10F6CA36B635}.Release|Any CPU.Build.0 = Release|Any CPU
		{49935826-9849-4A72-A108-6B43D5F78EAF}.Debug|Any CPU.ActiveCfg = Debug|Any CPU
		{49935826-9849-4A72-A108-6B43D5F78EAF}.Debug|Any CPU.Build.0 = Debug|Any CPU
		{49935826-9849-4A72-A108-6B43D5F78EAF}.Release|Any CPU.ActiveCfg = Release|Any CPU
		{49935826-9849-4A72-A108-6B43D5F78EAF}.Release|Any CPU.Build.0 = Release|Any CPU
	EndGlobalSection
	GlobalSection(SolutionProperties) = preSolution
		HideSolutionNode = FALSE
	EndGlobalSection
	GlobalSection(NestedProjects) = preSolution
		{429C0D97-8704-4FFE-B630-782BF6ADE5E1} = {E2F8B83D-F661-4D3E-BD8B-D4E0CCEEB441}
		{5827631F-1EAB-42A5-9B94-EF19CC79C970} = {E2F8B83D-F661-4D3E-BD8B-D4E0CCEEB441}
		{DAF1E863-9175-48CE-A83D-59C3F47E0EE8} = {3311320C-A614-4A89-85F1-D417A1118FCD}
		{74374702-07ED-4C05-837C-8D4E69DD50C6} = {3311320C-A614-4A89-85F1-D417A1118FCD}
		{CDEB068A-3DC6-49AD-BA3C-7383D1D62A9A} = {3311320C-A614-4A89-85F1-D417A1118FCD}
		{D0479029-B157-443D-9377-10F6CA36B635} = {82E16B0A-1BDD-4BC5-B831-78264B2A9201}
		{49935826-9849-4A72-A108-6B43D5F78EAF} = {8D664033-8340-442B-BD7E-127529F0914D}
	EndGlobalSection
EndGlobal
