
Microsoft Visual Studio Solution File, Format Version 12.00
# Visual Studio 2013
VisualStudioVersion = 12.0.30723.0
MinimumVisualStudioVersion = 10.0.40219.1
Project("{FAE04EC0-301F-11D3-BF4B-00C04F79EFBC}") = "CrowdChat.Data", "CrowdChat.Data\CrowdChat.Data.csproj", "{8FDFCBB7-3AB6-4E9A-A0A6-1F365CE86969}"
EndProject
Project("{FAE04EC0-301F-11D3-BF4B-00C04F79EFBC}") = "CrowdChat.Models", "CrowdChat.Models\CrowdChat.Models.csproj", "{4A83008A-1670-40FF-BC18-9C1A6821B23C}"
EndProject
Project("{FAE04EC0-301F-11D3-BF4B-00C04F79EFBC}") = "CrowdChat.ConsoleClient", "CrowdChat.ConsoleClient\CrowdChat.ConsoleClient.csproj", "{EC76FE6C-59F8-47D2-8808-9FEDF35D2023}"
EndProject
Project("{FAE04EC0-301F-11D3-BF4B-00C04F79EFBC}") = "CrowdChat.WPF", "CrowdChat.WPF\CrowdChat.WPF.csproj", "{1F64FDC4-A7AD-407B-BC3D-D141F7152658}"
EndProject
Global
	GlobalSection(SolutionConfigurationPlatforms) = preSolution
		Debug|Any CPU = Debug|Any CPU
		Release|Any CPU = Release|Any CPU
	EndGlobalSection
	GlobalSection(ProjectConfigurationPlatforms) = postSolution
		{8FDFCBB7-3AB6-4E9A-A0A6-1F365CE86969}.Debug|Any CPU.ActiveCfg = Debug|Any CPU
		{8FDFCBB7-3AB6-4E9A-A0A6-1F365CE86969}.Debug|Any CPU.Build.0 = Debug|Any CPU
		{8FDFCBB7-3AB6-4E9A-A0A6-1F365CE86969}.Release|Any CPU.ActiveCfg = Release|Any CPU
		{8FDFCBB7-3AB6-4E9A-A0A6-1F365CE86969}.Release|Any CPU.Build.0 = Release|Any CPU
		{4A83008A-1670-40FF-BC18-9C1A6821B23C}.Debug|Any CPU.ActiveCfg = Debug|Any CPU
		{4A83008A-1670-40FF-BC18-9C1A6821B23C}.Debug|Any CPU.Build.0 = Debug|Any CPU
		{4A83008A-1670-40FF-BC18-9C1A6821B23C}.Release|Any CPU.ActiveCfg = Release|Any CPU
		{4A83008A-1670-40FF-BC18-9C1A6821B23C}.Release|Any CPU.Build.0 = Release|Any CPU
		{EC76FE6C-59F8-47D2-8808-9FEDF35D2023}.Debug|Any CPU.ActiveCfg = Debug|Any CPU
		{EC76FE6C-59F8-47D2-8808-9FEDF35D2023}.Debug|Any CPU.Build.0 = Debug|Any CPU
		{EC76FE6C-59F8-47D2-8808-9FEDF35D2023}.Release|Any CPU.ActiveCfg = Release|Any CPU
		{EC76FE6C-59F8-47D2-8808-9FEDF35D2023}.Release|Any CPU.Build.0 = Release|Any CPU
		{1F64FDC4-A7AD-407B-BC3D-D141F7152658}.Debug|Any CPU.ActiveCfg = Debug|Any CPU
		{1F64FDC4-A7AD-407B-BC3D-D141F7152658}.Debug|Any CPU.Build.0 = Debug|Any CPU
		{1F64FDC4-A7AD-407B-BC3D-D141F7152658}.Release|Any CPU.ActiveCfg = Release|Any CPU
		{1F64FDC4-A7AD-407B-BC3D-D141F7152658}.Release|Any CPU.Build.0 = Release|Any CPU
	EndGlobalSection
	GlobalSection(SolutionProperties) = preSolution
		HideSolutionNode = FALSE
	EndGlobalSection
EndGlobal
