
Microsoft Visual Studio Solution File, Format Version 12.00
# Visual Studio 2013
VisualStudioVersion = 12.0.30723.0
MinimumVisualStudioVersion = 10.0.40219.1
Project("{FAE04EC0-301F-11D3-BF4B-00C04F79EFBC}") = "BookStore.Data", "BookStore.Data\BookStore.Data.csproj", "{7A04A243-BFB2-4BAE-9FDA-A1A115D2CE45}"
EndProject
Project("{FAE04EC0-301F-11D3-BF4B-00C04F79EFBC}") = "BookStore.Models", "BookStore.Models\BookStore.Models.csproj", "{DC20F87E-64F7-41DA-8AF3-AA0315C095AD}"
EndProject
Project("{FAE04EC0-301F-11D3-BF4B-00C04F79EFBC}") = "BookStore.ConsoleClient", "BookStore.ConsoleClient\BookStore.ConsoleClient.csproj", "{954BCE8C-CFC7-40F0-A052-A451B0D85B01}"
EndProject
Project("{FAE04EC0-301F-11D3-BF4B-00C04F79EFBC}") = "BookStore.Common", "BookStore.Common\BookStore.Common.csproj", "{1FAC2054-7BF5-4430-A67A-255D013723D0}"
EndProject
Project("{FAE04EC0-301F-11D3-BF4B-00C04F79EFBC}") = "BookStore.XML", "BookStore.XML\BookStore.XML.csproj", "{B10C110C-A5F3-4B1C-B462-16B7C5A7595C}"
EndProject
Project("{FAE04EC0-301F-11D3-BF4B-00C04F79EFBC}") = "BookStore.MongoDb", "BookStore.MongoDb\BookStore.MongoDb.csproj", "{E1AD9941-A595-448B-9A32-AE80E94C0615}"
EndProject
Global
	GlobalSection(SolutionConfigurationPlatforms) = preSolution
		Debug|Any CPU = Debug|Any CPU
		Release|Any CPU = Release|Any CPU
	EndGlobalSection
	GlobalSection(ProjectConfigurationPlatforms) = postSolution
		{7A04A243-BFB2-4BAE-9FDA-A1A115D2CE45}.Debug|Any CPU.ActiveCfg = Debug|Any CPU
		{7A04A243-BFB2-4BAE-9FDA-A1A115D2CE45}.Debug|Any CPU.Build.0 = Debug|Any CPU
		{7A04A243-BFB2-4BAE-9FDA-A1A115D2CE45}.Release|Any CPU.ActiveCfg = Release|Any CPU
		{7A04A243-BFB2-4BAE-9FDA-A1A115D2CE45}.Release|Any CPU.Build.0 = Release|Any CPU
		{DC20F87E-64F7-41DA-8AF3-AA0315C095AD}.Debug|Any CPU.ActiveCfg = Debug|Any CPU
		{DC20F87E-64F7-41DA-8AF3-AA0315C095AD}.Debug|Any CPU.Build.0 = Debug|Any CPU
		{DC20F87E-64F7-41DA-8AF3-AA0315C095AD}.Release|Any CPU.ActiveCfg = Release|Any CPU
		{DC20F87E-64F7-41DA-8AF3-AA0315C095AD}.Release|Any CPU.Build.0 = Release|Any CPU
		{954BCE8C-CFC7-40F0-A052-A451B0D85B01}.Debug|Any CPU.ActiveCfg = Debug|Any CPU
		{954BCE8C-CFC7-40F0-A052-A451B0D85B01}.Debug|Any CPU.Build.0 = Debug|Any CPU
		{954BCE8C-CFC7-40F0-A052-A451B0D85B01}.Release|Any CPU.ActiveCfg = Release|Any CPU
		{954BCE8C-CFC7-40F0-A052-A451B0D85B01}.Release|Any CPU.Build.0 = Release|Any CPU
		{1FAC2054-7BF5-4430-A67A-255D013723D0}.Debug|Any CPU.ActiveCfg = Debug|Any CPU
		{1FAC2054-7BF5-4430-A67A-255D013723D0}.Debug|Any CPU.Build.0 = Debug|Any CPU
		{1FAC2054-7BF5-4430-A67A-255D013723D0}.Release|Any CPU.ActiveCfg = Release|Any CPU
		{1FAC2054-7BF5-4430-A67A-255D013723D0}.Release|Any CPU.Build.0 = Release|Any CPU
		{B10C110C-A5F3-4B1C-B462-16B7C5A7595C}.Debug|Any CPU.ActiveCfg = Debug|Any CPU
		{B10C110C-A5F3-4B1C-B462-16B7C5A7595C}.Debug|Any CPU.Build.0 = Debug|Any CPU
		{B10C110C-A5F3-4B1C-B462-16B7C5A7595C}.Release|Any CPU.ActiveCfg = Release|Any CPU
		{B10C110C-A5F3-4B1C-B462-16B7C5A7595C}.Release|Any CPU.Build.0 = Release|Any CPU
		{E1AD9941-A595-448B-9A32-AE80E94C0615}.Debug|Any CPU.ActiveCfg = Debug|Any CPU
		{E1AD9941-A595-448B-9A32-AE80E94C0615}.Debug|Any CPU.Build.0 = Debug|Any CPU
		{E1AD9941-A595-448B-9A32-AE80E94C0615}.Release|Any CPU.ActiveCfg = Release|Any CPU
		{E1AD9941-A595-448B-9A32-AE80E94C0615}.Release|Any CPU.Build.0 = Release|Any CPU
	EndGlobalSection
	GlobalSection(SolutionProperties) = preSolution
		HideSolutionNode = FALSE
	EndGlobalSection
EndGlobal
