
Microsoft Visual Studio Solution File, Format Version 12.00
# Visual Studio 2013
VisualStudioVersion = 12.0.30723.0
MinimumVisualStudioVersion = 10.0.40219.1
Project("{FAE04EC0-301F-11D3-BF4B-00C04F79EFBC}") = "01. Registration Form", "01. Registration Form\01. Registration Form.csproj", "{D8AB8CA6-F8E0-4C16-9D87-3985EE551587}"
EndProject
Project("{FAE04EC0-301F-11D3-BF4B-00C04F79EFBC}") = "02. Registration Form Groups", "02. Registration Form Groups\02. Registration Form Groups.csproj", "{FEBD50F2-EE0A-4946-AF12-88FA3B3778AB}"
EndProject
Global
	GlobalSection(SolutionConfigurationPlatforms) = preSolution
		Debug|Any CPU = Debug|Any CPU
		Release|Any CPU = Release|Any CPU
	EndGlobalSection
	GlobalSection(ProjectConfigurationPlatforms) = postSolution
		{D8AB8CA6-F8E0-4C16-9D87-3985EE551587}.Debug|Any CPU.ActiveCfg = Debug|Any CPU
		{D8AB8CA6-F8E0-4C16-9D87-3985EE551587}.Debug|Any CPU.Build.0 = Debug|Any CPU
		{D8AB8CA6-F8E0-4C16-9D87-3985EE551587}.Release|Any CPU.ActiveCfg = Release|Any CPU
		{D8AB8CA6-F8E0-4C16-9D87-3985EE551587}.Release|Any CPU.Build.0 = Release|Any CPU
		{FEBD50F2-EE0A-4946-AF12-88FA3B3778AB}.Debug|Any CPU.ActiveCfg = Debug|Any CPU
		{FEBD50F2-EE0A-4946-AF12-88FA3B3778AB}.Debug|Any CPU.Build.0 = Debug|Any CPU
		{FEBD50F2-EE0A-4946-AF12-88FA3B3778AB}.Release|Any CPU.ActiveCfg = Release|Any CPU
		{FEBD50F2-EE0A-4946-AF12-88FA3B3778AB}.Release|Any CPU.Build.0 = Release|Any CPU
	EndGlobalSection
	GlobalSection(SolutionProperties) = preSolution
		HideSolutionNode = FALSE
	EndGlobalSection
EndGlobal
