
Microsoft Visual Studio Solution File, Format Version 12.00
# Visual Studio 2013
VisualStudioVersion = 12.0.30723.0
MinimumVisualStudioVersion = 10.0.40219.1
Project("{FAE04EC0-301F-11D3-BF4B-00C04F79EFBC}") = "01. Occurrences of element", "01. Occurrences of element\01. Occurrences of element.csproj", "{A471B792-A76D-45C5-86CB-7211493DA803}"
EndProject
Project("{FAE04EC0-301F-11D3-BF4B-00C04F79EFBC}") = "02. Elements occurs odd times", "02. Elements occurs odd times\02. Elements occurs odd times.csproj", "{E1D8683E-6CF7-4075-B524-B067FA8F87BA}"
EndProject
Project("{FAE04EC0-301F-11D3-BF4B-00C04F79EFBC}") = "03. Occurrences of words in text", "03. Occurrences of words in text\03. Occurrences of words in text.csproj", "{66956279-C3C1-47F5-9CB0-96B44EBD6FAC}"
EndProject
Project("{FAE04EC0-301F-11D3-BF4B-00C04F79EFBC}") = "06. Phonebook", "06. Phonebook\06. Phonebook.csproj", "{6CE2AC32-EA8E-4D5E-B3B9-AD5CE45811E7}"
EndProject
Project("{FAE04EC0-301F-11D3-BF4B-00C04F79EFBC}") = "04. HashTable", "04. HashTable\04. HashTable.csproj", "{2DBAC1AB-9091-4B77-9496-63764BDE1D80}"
EndProject
Project("{FAE04EC0-301F-11D3-BF4B-00C04F79EFBC}") = "05. HashSet", "05. HashSet\05. HashSet.csproj", "{A9B0FDA2-F03A-4020-A917-6B3381E3E57B}"
EndProject
Project("{FAE04EC0-301F-11D3-BF4B-00C04F79EFBC}") = "Utility", "Utility\Utility.csproj", "{CB2EAFBD-8E57-4A59-9475-60CFEFA486AF}"
EndProject
Project("{FAE04EC0-301F-11D3-BF4B-00C04F79EFBC}") = "AbstractDataStructures.Tests", "AbstractDataStructures.Tests\AbstractDataStructures.Tests.csproj", "{42BEB3C8-7069-4E67-B877-2A2DB468AF4F}"
EndProject
Global
	GlobalSection(SolutionConfigurationPlatforms) = preSolution
		Debug|Any CPU = Debug|Any CPU
		Release|Any CPU = Release|Any CPU
	EndGlobalSection
	GlobalSection(ProjectConfigurationPlatforms) = postSolution
		{A471B792-A76D-45C5-86CB-7211493DA803}.Debug|Any CPU.ActiveCfg = Debug|Any CPU
		{A471B792-A76D-45C5-86CB-7211493DA803}.Debug|Any CPU.Build.0 = Debug|Any CPU
		{A471B792-A76D-45C5-86CB-7211493DA803}.Release|Any CPU.ActiveCfg = Release|Any CPU
		{A471B792-A76D-45C5-86CB-7211493DA803}.Release|Any CPU.Build.0 = Release|Any CPU
		{E1D8683E-6CF7-4075-B524-B067FA8F87BA}.Debug|Any CPU.ActiveCfg = Debug|Any CPU
		{E1D8683E-6CF7-4075-B524-B067FA8F87BA}.Debug|Any CPU.Build.0 = Debug|Any CPU
		{E1D8683E-6CF7-4075-B524-B067FA8F87BA}.Release|Any CPU.ActiveCfg = Release|Any CPU
		{E1D8683E-6CF7-4075-B524-B067FA8F87BA}.Release|Any CPU.Build.0 = Release|Any CPU
		{66956279-C3C1-47F5-9CB0-96B44EBD6FAC}.Debug|Any CPU.ActiveCfg = Debug|Any CPU
		{66956279-C3C1-47F5-9CB0-96B44EBD6FAC}.Debug|Any CPU.Build.0 = Debug|Any CPU
		{66956279-C3C1-47F5-9CB0-96B44EBD6FAC}.Release|Any CPU.ActiveCfg = Release|Any CPU
		{66956279-C3C1-47F5-9CB0-96B44EBD6FAC}.Release|Any CPU.Build.0 = Release|Any CPU
		{6CE2AC32-EA8E-4D5E-B3B9-AD5CE45811E7}.Debug|Any CPU.ActiveCfg = Debug|Any CPU
		{6CE2AC32-EA8E-4D5E-B3B9-AD5CE45811E7}.Debug|Any CPU.Build.0 = Debug|Any CPU
		{6CE2AC32-EA8E-4D5E-B3B9-AD5CE45811E7}.Release|Any CPU.ActiveCfg = Release|Any CPU
		{6CE2AC32-EA8E-4D5E-B3B9-AD5CE45811E7}.Release|Any CPU.Build.0 = Release|Any CPU
		{2DBAC1AB-9091-4B77-9496-63764BDE1D80}.Debug|Any CPU.ActiveCfg = Debug|Any CPU
		{2DBAC1AB-9091-4B77-9496-63764BDE1D80}.Debug|Any CPU.Build.0 = Debug|Any CPU
		{2DBAC1AB-9091-4B77-9496-63764BDE1D80}.Release|Any CPU.ActiveCfg = Release|Any CPU
		{2DBAC1AB-9091-4B77-9496-63764BDE1D80}.Release|Any CPU.Build.0 = Release|Any CPU
		{A9B0FDA2-F03A-4020-A917-6B3381E3E57B}.Debug|Any CPU.ActiveCfg = Debug|Any CPU
		{A9B0FDA2-F03A-4020-A917-6B3381E3E57B}.Debug|Any CPU.Build.0 = Debug|Any CPU
		{A9B0FDA2-F03A-4020-A917-6B3381E3E57B}.Release|Any CPU.ActiveCfg = Release|Any CPU
		{A9B0FDA2-F03A-4020-A917-6B3381E3E57B}.Release|Any CPU.Build.0 = Release|Any CPU
		{CB2EAFBD-8E57-4A59-9475-60CFEFA486AF}.Debug|Any CPU.ActiveCfg = Debug|Any CPU
		{CB2EAFBD-8E57-4A59-9475-60CFEFA486AF}.Debug|Any CPU.Build.0 = Debug|Any CPU
		{CB2EAFBD-8E57-4A59-9475-60CFEFA486AF}.Release|Any CPU.ActiveCfg = Release|Any CPU
		{CB2EAFBD-8E57-4A59-9475-60CFEFA486AF}.Release|Any CPU.Build.0 = Release|Any CPU
		{42BEB3C8-7069-4E67-B877-2A2DB468AF4F}.Debug|Any CPU.ActiveCfg = Debug|Any CPU
		{42BEB3C8-7069-4E67-B877-2A2DB468AF4F}.Debug|Any CPU.Build.0 = Debug|Any CPU
		{42BEB3C8-7069-4E67-B877-2A2DB468AF4F}.Release|Any CPU.ActiveCfg = Release|Any CPU
		{42BEB3C8-7069-4E67-B877-2A2DB468AF4F}.Release|Any CPU.Build.0 = Release|Any CPU
	EndGlobalSection
	GlobalSection(SolutionProperties) = preSolution
		HideSolutionNode = FALSE
	EndGlobalSection
EndGlobal
